{
  "name": "erealtor",
  "version": "1.0.0",
  "lockfileVersion": 3,
  "requires": true,
  "packages": {
    "": {
      "name": "erealtor",
      "version": "1.0.0",
      "dependencies": {
        "next": "13.4.4",
        "react": "18.2.0",
        "react-dom": "18.2.0"
      }
    },
    "node_modules/next": {
      "version": "13.4.4",
      "resolved": "https://registry.npmjs.org/next/-/next-13.4.4.tgz",
      "integrity": "sha512-xoWnNn+owz3nRkSog3Ejz/BKnPaGxsPvAca2aQphUs1FlplF65bjp8lBx/XW0OQfK0EJ2lIQMs5ecCQq9pXqFw==",
      "dependencies": {
        "react": "18.2.0",
        "react-dom": "18.2.0",
        "swc-core": "^1.3.59"
      }
    },
    "node_modules/react": {
      "version": "18.2.0",
      "resolved": "https://registry.npmjs.org/react/-/react-18.2.0.tgz",
      "integrity": "sha512-5X7rkaQrJHacwc3jktUGI1eOi0EEMoLf3Z1m4DJdx8q8+TpY6C8ccH1ltK4qJJvlpmB+0b4P8BHoZCjGzZLOmw=="
    },
    "node_modules/react-dom": {
      "version": "18.2.0",
      "resolved": "https://registry.npmjs.org/react-dom/-/react-dom-18.2.0.tgz",
      "integrity": "sha512-0aR9eQFOjZqVYG6hguETLSpzxI4wnnX0fpRYN5v3LfQeVVNqDzGTeCgT2oGKMlEoF3E6OjqZH2pIrlEku07Ohg=="
    },
    "node_modules/swc-core": {
      "version": "1.3.59",
      "resolved": "https://registry.npmjs.org/swc-core/-/swc-core-1.3.59.tgz",
      "integrity": "sha512-nMgL8SokjJo1nE+Yu0OapEjR+sGnl+3T7Od6Dp5xLeZGGyMysDwOUIhVZGv15lmDoEiqz6+L9uNq8XZH2+jplA=="
    }
  }
}
